
Microsoft Visual Studio Solution File, Format Version 12.00
# Visual Studio Version 17
VisualStudioVersion = 17.3.32929.385
MinimumVisualStudioVersion = 10.0.40219.1
Project("{FAE04EC0-301F-11D3-BF4B-00C04F79EFBC}") = "PoorPresence", "PoorPresence\PoorPresence.csproj", "{84E1C401-9E05-40BB-9759-67B5399A4611}"
EndProject
Global
	GlobalSection(SolutionConfigurationPlatforms) = preSolution
		Debug|Any CPU = Debug|Any CPU
		Release|Any CPU = Release|Any CPU
	EndGlobalSection
	GlobalSection(ProjectConfigurationPlatforms) = postSolution
		{84E1C401-9E05-40BB-9759-67B5399A4611}.Debug|Any CPU.ActiveCfg = Debug|Any CPU
		{84E1C401-9E05-40BB-9759-67B5399A4611}.Debug|Any CPU.Build.0 = Debug|Any CPU
		{84E1C401-9E05-40BB-9759-67B5399A4611}.Release|Any CPU.ActiveCfg = Release|Any CPU
		{84E1C401-9E05-40BB-9759-67B5399A4611}.Release|Any CPU.Build.0 = Release|Any CPU
	EndGlobalSection
	GlobalSection(SolutionProperties) = preSolution
		HideSolutionNode = FALSE
	EndGlobalSection
	GlobalSection(ExtensibilityGlobals) = postSolution
		SolutionGuid = {7C5B7FA4-5B71-4DB5-80EB-8D562351213E}
	EndGlobalSection
EndGlobal
